// !$*UTF8*$!
{
	archiveVersion = 1;
	classes = {
	};
	objectVersion = 60;
	objects = {

/* Begin PBXBuildFile section */
		A10000010000000000000001 /* GW2onMacApp.swift in Sources */ = {isa = PBXBuildFile; fileRef = A20000010000000000000001 /* GW2onMacApp.swift */; };
		A10000010000000000000002 /* ContentView.swift in Sources */ = {isa = PBXBuildFile; fileRef = A20000010000000000000002 /* ContentView.swift */; };
		A10000010000000000000003 /* GW2Kit in Frameworks */ = {isa = PBXBuildFile; productRef = A40000010000000000000001 /* GW2Kit */; };
		A10000010000000000000004 /* AppState.swift in Sources */ = {isa = PBXBuildFile; fileRef = A20000010000000000000006 /* AppState.swift */; };
		A10000010000000000000005 /* SetupWizardView.swift in Sources */ = {isa = PBXBuildFile; fileRef = A20000010000000000000007 /* SetupWizardView.swift */; };
		A10000010000000000000006 /* HomeView.swift in Sources */ = {isa = PBXBuildFile; fileRef = A20000010000000000000008 /* HomeView.swift */; };
		A10000010000000000000007 /* install-gptk.sh in Resources */ = {isa = PBXBuildFile; fileRef = A20000010000000000000009 /* install-gptk.sh */; };
		A10000010000000000000009 /* winetricks in Resources */ = {isa = PBXBuildFile; fileRef = A20000010000000000000011 /* winetricks */; };
		A10000010000000000000010 /* cabextract in Resources */ = {isa = PBXBuildFile; fileRef = A20000010000000000000012 /* cabextract */; };
		A10000010000000000000011 /* bundle-native-dylibs.sh in Resources */ = {isa = PBXBuildFile; fileRef = A20000010000000000000013 /* bundle-native-dylibs.sh */; };
		A10000010000000000000012 /* launch-gw2.sh in Resources */ = {isa = PBXBuildFile; fileRef = A20000010000000000000014 /* launch-gw2.sh */; };
		A10000010000000000000013 /* resolve-bundle-id.sh in Resources */ = {isa = PBXBuildFile; fileRef = A20000010000000000000015 /* resolve-bundle-id.sh */; };
		A10000010000000000000008 /* Assets.xcassets in Resources */ = {isa = PBXBuildFile; fileRef = A20000010000000000000010 /* Assets.xcassets */; };
/* End PBXBuildFile section */

/* Begin PBXFileReference section */
		A20000010000000000000001 /* GW2onMacApp.swift */ = {isa = PBXFileReference; lastKnownFileType = sourcecode.swift; path = GW2onMacApp.swift; sourceTree = "<group>"; };
		A20000010000000000000002 /* ContentView.swift */ = {isa = PBXFileReference; lastKnownFileType = sourcecode.swift; path = ContentView.swift; sourceTree = "<group>"; };
		A20000010000000000000003 /* Info.plist */ = {isa = PBXFileReference; lastKnownFileType = text.plist.xml; path = Info.plist; sourceTree = "<group>"; };
		A20000010000000000000004 /* GW2onMac.entitlements */ = {isa = PBXFileReference; lastKnownFileType = text.plist.entitlements; path = GW2onMac.entitlements; sourceTree = "<group>"; };
		A20000010000000000000006 /* AppState.swift */ = {isa = PBXFileReference; lastKnownFileType = sourcecode.swift; path = AppState.swift; sourceTree = "<group>"; };
		A20000010000000000000007 /* SetupWizardView.swift */ = {isa = PBXFileReference; lastKnownFileType = sourcecode.swift; path = SetupWizardView.swift; sourceTree = "<group>"; };
		A20000010000000000000008 /* HomeView.swift */ = {isa = PBXFileReference; lastKnownFileType = sourcecode.swift; path = HomeView.swift; sourceTree = "<group>"; };
		A20000010000000000000009 /* install-gptk.sh */ = {isa = PBXFileReference; lastKnownFileType = text.script.sh; path = "install-gptk.sh"; sourceTree = "<group>"; };
		A20000010000000000000011 /* winetricks */ = {isa = PBXFileReference; lastKnownFileType = text.script.sh; path = winetricks; sourceTree = "<group>"; };
		A20000010000000000000012 /* cabextract */ = {isa = PBXFileReference; lastKnownFileType = "compiled.mach-o.executable"; path = cabextract; sourceTree = "<group>"; };
		A20000010000000000000013 /* bundle-native-dylibs.sh */ = {isa = PBXFileReference; lastKnownFileType = text.script.sh; path = "bundle-native-dylibs.sh"; sourceTree = "<group>"; };
		A20000010000000000000014 /* launch-gw2.sh */ = {isa = PBXFileReference; lastKnownFileType = text.script.sh; path = "launch-gw2.sh"; sourceTree = "<group>"; };
		A20000010000000000000015 /* resolve-bundle-id.sh */ = {isa = PBXFileReference; lastKnownFileType = text.script.sh; path = "resolve-bundle-id.sh"; sourceTree = "<group>"; };
		A20000010000000000000010 /* Assets.xcassets */ = {isa = PBXFileReference; lastKnownFileType = folder.assetcatalog; path = Assets.xcassets; sourceTree = "<group>"; };
		A30000010000000000000001 /* GW2onMac.app */ = {isa = PBXFileReference; explicitFileType = wrapper.application; includeInIndex = 0; path = GW2onMac.app; sourceTree = BUILT_PRODUCTS_DIR; };
		A20000010000000000000005 /* GW2Kit */ = {isa = PBXFileReference; lastKnownFileType = wrapper; path = GW2Kit; sourceTree = "<group>"; };
/* End PBXFileReference section */

/* Begin PBXFrameworksBuildPhase section */
		A50000010000000000000001 /* Frameworks */ = {
			isa = PBXFrameworksBuildPhase;
			buildActionMask = 2147483647;
			files = (
				A10000010000000000000003 /* GW2Kit in Frameworks */,
			);
			runOnlyForDeploymentPostprocessing = 0;
		};
/* End PBXFrameworksBuildPhase section */

/* Begin PBXGroup section */
		A60000010000000000000001 = {
			isa = PBXGroup;
			children = (
				A20000010000000000000005 /* GW2Kit */,
				A60000010000000000000002 /* GW2onMac */,
				A60000010000000000000003 /* Products */,
			);
			sourceTree = "<group>";
		};
		A60000010000000000000002 /* GW2onMac */ = {
			isa = PBXGroup;
			children = (
				A20000010000000000000001 /* GW2onMacApp.swift */,
				A20000010000000000000006 /* AppState.swift */,
				A20000010000000000000002 /* ContentView.swift */,
				A20000010000000000000007 /* SetupWizardView.swift */,
				A20000010000000000000008 /* HomeView.swift */,
				A60000010000000000000004 /* Resources */,
				A20000010000000000000010 /* Assets.xcassets */,
				A20000010000000000000003 /* Info.plist */,
				A20000010000000000000004 /* GW2onMac.entitlements */,
			);
			path = GW2onMac;
			sourceTree = "<group>";
		};
		A60000010000000000000004 /* Resources */ = {
			isa = PBXGroup;
			children = (
				A20000010000000000000009 /* install-gptk.sh */,
				A20000010000000000000011 /* winetricks */,
				A20000010000000000000012 /* cabextract */,
				A20000010000000000000013 /* bundle-native-dylibs.sh */,
				A20000010000000000000014 /* launch-gw2.sh */,
				A20000010000000000000015 /* resolve-bundle-id.sh */,
			);
			path = Resources;
			sourceTree = "<group>";
		};
		A60000010000000000000003 /* Products */ = {
			isa = PBXGroup;
			children = (
				A30000010000000000000001 /* GW2onMac.app */,
			);
			name = Products;
			sourceTree = "<group>";
		};
/* End PBXGroup section */

/* Begin PBXNativeTarget section */
		A70000010000000000000001 /* GW2onMac */ = {
			isa = PBXNativeTarget;
			buildConfigurationList = A90000010000000000000003 /* Build configuration list for PBXNativeTarget "GW2onMac" */;
			buildPhases = (
				A80000010000000000000001 /* Sources */,
				A50000010000000000000001 /* Frameworks */,
				A80000010000000000000002 /* Resources */,
			);
			buildRules = (
			);
			dependencies = (
			);
			name = GW2onMac;
			packageProductDependencies = (
				A40000010000000000000001 /* GW2Kit */,
			);
			productName = GW2onMac;
			productReference = A30000010000000000000001 /* GW2onMac.app */;
			productType = "com.apple.product-type.application";
		};
/* End PBXNativeTarget section */

/* Begin PBXProject section */
		A00000010000000000000001 /* Project object */ = {
			isa = PBXProject;
			attributes = {
				BuildIndependentTargetsInParallel = 1;
				LastSwiftUpdateCheck = 1600;
				LastUpgradeCheck = 1600;
				TargetAttributes = {
					A70000010000000000000001 = {
						CreatedOnToolsVersion = 16.0;
					};
				};
			};
			buildConfigurationList = A90000010000000000000001 /* Build configuration list for PBXProject "GW2onMac" */;
			compatibilityVersion = "Xcode 14.0";
			developmentRegion = en;
			hasScannedForEncodings = 0;
			knownRegions = (
				en,
				Base,
			);
			mainGroup = A60000010000000000000001;
			packageReferences = (
				A30000010000000000000002 /* XCLocalSwiftPackageReference "GW2Kit" */,
			);
			productRefGroup = A60000010000000000000003 /* Products */;
			projectDirPath = "";
			projectRoot = "";
			targets = (
				A70000010000000000000001 /* GW2onMac */,
			);
		};
/* End PBXProject section */

/* Begin PBXSourcesBuildPhase section */
		A80000010000000000000001 /* Sources */ = {
			isa = PBXSourcesBuildPhase;
			buildActionMask = 2147483647;
			files = (
				A10000010000000000000001 /* GW2onMacApp.swift in Sources */,
				A10000010000000000000004 /* AppState.swift in Sources */,
				A10000010000000000000002 /* ContentView.swift in Sources */,
				A10000010000000000000005 /* SetupWizardView.swift in Sources */,
				A10000010000000000000006 /* HomeView.swift in Sources */,
			);
			runOnlyForDeploymentPostprocessing = 0;
		};
/* End PBXSourcesBuildPhase section */

/* Begin PBXResourcesBuildPhase section */
		A80000010000000000000002 /* Resources */ = {
			isa = PBXResourcesBuildPhase;
			buildActionMask = 2147483647;
			files = (
				A10000010000000000000007 /* install-gptk.sh in Resources */,
				A10000010000000000000009 /* winetricks in Resources */,
				A10000010000000000000010 /* cabextract in Resources */,
				A10000010000000000000011 /* bundle-native-dylibs.sh in Resources */,
				A10000010000000000000012 /* launch-gw2.sh in Resources */,
				A10000010000000000000013 /* resolve-bundle-id.sh in Resources */,
				A10000010000000000000008 /* Assets.xcassets in Resources */,
			);
			runOnlyForDeploymentPostprocessing = 0;
		};
/* End PBXResourcesBuildPhase section */

/* Begin XCBuildConfiguration section */
		AA0000010000000000000001 /* Debug */ = {
			isa = XCBuildConfiguration;
			buildSettings = {
				ALWAYS_SEARCH_USER_PATHS = NO;
				CLANG_ENABLE_MODULES = YES;
				COPY_PHASE_STRIP = NO;
				DEBUG_INFORMATION_FORMAT = dwarf;
				ENABLE_STRICT_OBJC_MSGSEND = YES;
				GCC_DYNAMIC_NO_PIC = NO;
				GCC_OPTIMIZATION_LEVEL = 0;
				MACOSX_DEPLOYMENT_TARGET = 14.0;
				ONLY_ACTIVE_ARCH = YES;
				SDKROOT = macosx;
				SWIFT_ACTIVE_COMPILATION_CONDITIONS = "DEBUG $(inherited)";
				SWIFT_OPTIMIZATION_LEVEL = "-Onone";
			};
			name = Debug;
		};
		AA0000010000000000000002 /* Release */ = {
			isa = XCBuildConfiguration;
			buildSettings = {
				ALWAYS_SEARCH_USER_PATHS = NO;
				CLANG_ENABLE_MODULES = YES;
				COPY_PHASE_STRIP = NO;
				DEBUG_INFORMATION_FORMAT = "dwarf-with-dsym";
				ENABLE_STRICT_OBJC_MSGSEND = YES;
				MACOSX_DEPLOYMENT_TARGET = 14.0;
				SDKROOT = macosx;
				SWIFT_COMPILATION_MODE = wholemodule;
			};
			name = Release;
		};
		AA0000010000000000000003 /* Debug */ = {
			isa = XCBuildConfiguration;
			buildSettings = {
				ASSETCATALOG_COMPILER_APPICON_NAME = AppIcon;
				CODE_SIGN_ENTITLEMENTS = GW2onMac/GW2onMac.entitlements;
				CODE_SIGN_STYLE = Automatic;
				COMBINE_HIDPI_IMAGES = YES;
				CURRENT_PROJECT_VERSION = 1;
				DEVELOPMENT_TEAM = "";
				ENABLE_HARDENED_RUNTIME = YES;
				GENERATE_INFOPLIST_FILE = NO;
				INFOPLIST_FILE = GW2onMac/Info.plist;
				LD_RUNPATH_SEARCH_PATHS = (
					"$(inherited)",
					"@executable_path/../Frameworks",
				);
				MACOSX_DEPLOYMENT_TARGET = 14.0;
				MARKETING_VERSION = 0.1.14;
				PRODUCT_BUNDLE_IDENTIFIER = com.gw2onmac.app;
				PRODUCT_NAME = "$(TARGET_NAME)";
				SWIFT_EMIT_LOC_STRINGS = YES;
				SWIFT_VERSION = 6.0;
			};
			name = Debug;
		};
		AA0000010000000000000004 /* Release */ = {
			isa = XCBuildConfiguration;
			buildSettings = {
				ASSETCATALOG_COMPILER_APPICON_NAME = AppIcon;
				CODE_SIGN_ENTITLEMENTS = GW2onMac/GW2onMac.entitlements;
				CODE_SIGN_STYLE = Automatic;
				COMBINE_HIDPI_IMAGES = YES;
				CURRENT_PROJECT_VERSION = 1;
				DEVELOPMENT_TEAM = "";
				ENABLE_HARDENED_RUNTIME = YES;
				GENERATE_INFOPLIST_FILE = NO;
				INFOPLIST_FILE = GW2onMac/Info.plist;
				LD_RUNPATH_SEARCH_PATHS = (
					"$(inherited)",
					"@executable_path/../Frameworks",
				);
				MACOSX_DEPLOYMENT_TARGET = 14.0;
				MARKETING_VERSION = 0.1.14;
				PRODUCT_BUNDLE_IDENTIFIER = com.gw2onmac.app;
				PRODUCT_NAME = "$(TARGET_NAME)";
				SWIFT_EMIT_LOC_STRINGS = YES;
				SWIFT_VERSION = 6.0;
			};
			name = Release;
		};
/* End XCBuildConfiguration section */

/* Begin XCConfigurationList section */
		A90000010000000000000001 /* Build configuration list for PBXProject "GW2onMac" */ = {
			isa = XCConfigurationList;
			buildConfigurations = (
				AA0000010000000000000001 /* Debug */,
				AA0000010000000000000002 /* Release */,
			);
			defaultConfigurationIsVisible = 0;
			defaultConfigurationName = Release;
		};
		A90000010000000000000003 /* Build configuration list for PBXNativeTarget "GW2onMac" */ = {
			isa = XCConfigurationList;
			buildConfigurations = (
				AA0000010000000000000003 /* Debug */,
				AA0000010000000000000004 /* Release */,
			);
			defaultConfigurationIsVisible = 0;
			defaultConfigurationName = Release;
		};
/* End XCConfigurationList section */

/* Begin XCLocalSwiftPackageReference section */
		A30000010000000000000002 /* XCLocalSwiftPackageReference "GW2Kit" */ = {
			isa = XCLocalSwiftPackageReference;
			relativePath = GW2Kit;
		};
/* End XCLocalSwiftPackageReference section */

/* Begin XCSwiftPackageProductDependency section */
		A40000010000000000000001 /* GW2Kit */ = {
			isa = XCSwiftPackageProductDependency;
			package = A30000010000000000000002 /* XCLocalSwiftPackageReference "GW2Kit" */;
			productName = GW2Kit;
		};
/* End XCSwiftPackageProductDependency section */
	};
	rootObject = A00000010000000000000001 /* Project object */;
}
